
Microsoft Visual Studio Solution File, Format Version 12.00
# Visual Studio 15
VisualStudioVersion = 15.0.28010.2016
MinimumVisualStudioVersion = 10.0.40219.1
Project("{8BC9CEB8-8B4A-11D0-8D11-00A0C91BC942}") = "ex3", "ex3\ex3.vcxproj", "{A048B9D9-A7CA-47AD-A1B5-DD0659F51BBB}"
EndProject
Global
	GlobalSection(SolutionConfigurationPlatforms) = preSolution
		Debug|x64 = Debug|x64
		Debug|x86 = Debug|x86
		Release|x64 = Release|x64
		Release|x86 = Release|x86
	EndGlobalSection
	GlobalSection(ProjectConfigurationPlatforms) = postSolution
		{A048B9D9-A7CA-47AD-A1B5-DD0659F51BBB}.Debug|x64.ActiveCfg = Debug|x64
		{A048B9D9-A7CA-47AD-A1B5-DD0659F51BBB}.Debug|x64.Build.0 = Debug|x64
		{A048B9D9-A7CA-47AD-A1B5-DD0659F51BBB}.Debug|x86.ActiveCfg = Debug|Win32
		{A048B9D9-A7CA-47AD-A1B5-DD0659F51BBB}.Debug|x86.Build.0 = Debug|Win32
		{A048B9D9-A7CA-47AD-A1B5-DD0659F51BBB}.Release|x64.ActiveCfg = Release|x64
		{A048B9D9-A7CA-47AD-A1B5-DD0659F51BBB}.Release|x64.Build.0 = Release|x64
		{A048B9D9-A7CA-47AD-A1B5-DD0659F51BBB}.Release|x86.ActiveCfg = Release|Win32
		{A048B9D9-A7CA-47AD-A1B5-DD0659F51BBB}.Release|x86.Build.0 = Release|Win32
	EndGlobalSection
	GlobalSection(SolutionProperties) = preSolution
		HideSolutionNode = FALSE
	EndGlobalSection
	GlobalSection(ExtensibilityGlobals) = postSolution
		SolutionGuid = {6F192EA7-8BC2-4225-99FF-1051B76FA954}
	EndGlobalSection
EndGlobal
